
Microsoft Visual Studio Solution File, Format Version 12.00
# Visual Studio Version 17
VisualStudioVersion = 17.3.32825.248
MinimumVisualStudioVersion = 10.0.40219.1
Project("{FAE04EC0-301F-11D3-BF4B-00C04F79EFBC}") = "TODOLIST ASP.NET CORE MVC", "TODOLIST ASP.NET CORE MVC.csproj", "{F8E92E01-4B7E-48A9-A197-1CD2B6006AB5}"
EndProject
Global
	GlobalSection(SolutionConfigurationPlatforms) = preSolution
		Debug|Any CPU = Debug|Any CPU
		Release|Any CPU = Release|Any CPU
	EndGlobalSection
	GlobalSection(ProjectConfigurationPlatforms) = postSolution
		{F8E92E01-4B7E-48A9-A197-1CD2B6006AB5}.Debug|Any CPU.ActiveCfg = Debug|Any CPU
		{F8E92E01-4B7E-48A9-A197-1CD2B6006AB5}.Debug|Any CPU.Build.0 = Debug|Any CPU
		{F8E92E01-4B7E-48A9-A197-1CD2B6006AB5}.Release|Any CPU.ActiveCfg = Release|Any CPU
		{F8E92E01-4B7E-48A9-A197-1CD2B6006AB5}.Release|Any CPU.Build.0 = Release|Any CPU
	EndGlobalSection
	GlobalSection(SolutionProperties) = preSolution
		HideSolutionNode = FALSE
	EndGlobalSection
	GlobalSection(ExtensibilityGlobals) = postSolution
		SolutionGuid = {BE3F8CB2-3679-4F32-8C70-76C83A63D54E}
	EndGlobalSection
EndGlobal
